
Microsoft Visual Studio Solution File, Format Version 12.00
# Visual Studio Version 17
VisualStudioVersion = 17.2.32526.322
MinimumVisualStudioVersion = 10.0.40219.1
Project("{FAE04EC0-301F-11D3-BF4B-00C04F79EFBC}") = "Login", "Login\Login.csproj", "{DA0D72B2-B602-46AA-952A-767B6019DC41}"
EndProject
Project("{FAE04EC0-301F-11D3-BF4B-00C04F79EFBC}") = "BusnLogic", "BusnLogic\BusnLogic.csproj", "{23FEC093-4BB7-4D19-9050-BEA891DD0B1C}"
EndProject
Project("{FAE04EC0-301F-11D3-BF4B-00C04F79EFBC}") = "DalMSSQL", "DalMSSQL\DalMSSQL.csproj", "{84765668-28B7-4A02-8C4A-1D0649CC76D0}"
EndProject
Project("{FAE04EC0-301F-11D3-BF4B-00C04F79EFBC}") = "InterfaceLib", "InterfaceLib\InterfaceLib.csproj", "{8939F5AA-1D6D-402A-9A36-DDED2F1FF553}"
EndProject
Global
	GlobalSection(SolutionConfigurationPlatforms) = preSolution
		Debug|Any CPU = Debug|Any CPU
		Release|Any CPU = Release|Any CPU
	EndGlobalSection
	GlobalSection(ProjectConfigurationPlatforms) = postSolution
		{DA0D72B2-B602-46AA-952A-767B6019DC41}.Debug|Any CPU.ActiveCfg = Debug|Any CPU
		{DA0D72B2-B602-46AA-952A-767B6019DC41}.Debug|Any CPU.Build.0 = Debug|Any CPU
		{DA0D72B2-B602-46AA-952A-767B6019DC41}.Release|Any CPU.ActiveCfg = Release|Any CPU
		{DA0D72B2-B602-46AA-952A-767B6019DC41}.Release|Any CPU.Build.0 = Release|Any CPU
		{23FEC093-4BB7-4D19-9050-BEA891DD0B1C}.Debug|Any CPU.ActiveCfg = Debug|Any CPU
		{23FEC093-4BB7-4D19-9050-BEA891DD0B1C}.Debug|Any CPU.Build.0 = Debug|Any CPU
		{23FEC093-4BB7-4D19-9050-BEA891DD0B1C}.Release|Any CPU.ActiveCfg = Release|Any CPU
		{23FEC093-4BB7-4D19-9050-BEA891DD0B1C}.Release|Any CPU.Build.0 = Release|Any CPU
		{84765668-28B7-4A02-8C4A-1D0649CC76D0}.Debug|Any CPU.ActiveCfg = Debug|Any CPU
		{84765668-28B7-4A02-8C4A-1D0649CC76D0}.Debug|Any CPU.Build.0 = Debug|Any CPU
		{84765668-28B7-4A02-8C4A-1D0649CC76D0}.Release|Any CPU.ActiveCfg = Release|Any CPU
		{84765668-28B7-4A02-8C4A-1D0649CC76D0}.Release|Any CPU.Build.0 = Release|Any CPU
		{8939F5AA-1D6D-402A-9A36-DDED2F1FF553}.Debug|Any CPU.ActiveCfg = Debug|Any CPU
		{8939F5AA-1D6D-402A-9A36-DDED2F1FF553}.Debug|Any CPU.Build.0 = Debug|Any CPU
		{8939F5AA-1D6D-402A-9A36-DDED2F1FF553}.Release|Any CPU.ActiveCfg = Release|Any CPU
		{8939F5AA-1D6D-402A-9A36-DDED2F1FF553}.Release|Any CPU.Build.0 = Release|Any CPU
	EndGlobalSection
	GlobalSection(SolutionProperties) = preSolution
		HideSolutionNode = FALSE
	EndGlobalSection
	GlobalSection(ExtensibilityGlobals) = postSolution
		SolutionGuid = {D87111D2-CDB1-4E91-A4E9-5A9ED8FBD82F}
	EndGlobalSection
EndGlobal
